
Microsoft Visual Studio Solution File, Format Version 12.00
# Visual Studio 15
VisualStudioVersion = 15.0.28307.329
MinimumVisualStudioVersion = 10.0.40219.1
Project("{FAE04EC0-301F-11D3-BF4B-00C04F79EFBC}") = "WWF.Console.Example", "WWF.Console.Example\WWF.Console.Example.csproj", "{3C5BE7D0-A378-4958-BB4E-34CBB984C1CE}"
EndProject
Global
	GlobalSection(SolutionConfigurationPlatforms) = preSolution
		Debug|x86 = Debug|x86
		Release|x86 = Release|x86
	EndGlobalSection
	GlobalSection(ProjectConfigurationPlatforms) = postSolution
		{3C5BE7D0-A378-4958-BB4E-34CBB984C1CE}.Debug|x86.ActiveCfg = Debug|x86
		{3C5BE7D0-A378-4958-BB4E-34CBB984C1CE}.Debug|x86.Build.0 = Debug|x86
		{3C5BE7D0-A378-4958-BB4E-34CBB984C1CE}.Release|x86.ActiveCfg = Release|x86
		{3C5BE7D0-A378-4958-BB4E-34CBB984C1CE}.Release|x86.Build.0 = Release|x86
	EndGlobalSection
	GlobalSection(SolutionProperties) = preSolution
		HideSolutionNode = FALSE
	EndGlobalSection
	GlobalSection(ExtensibilityGlobals) = postSolution
		SolutionGuid = {B8F2148E-BF9C-4B7E-A237-79127135FF04}
	EndGlobalSection
EndGlobal
